
Microsoft Visual Studio Solution File, Format Version 12.00
# Visual Studio Version 17
VisualStudioVersion = 17.2.32526.322
MinimumVisualStudioVersion = 10.0.40219.1
Project("{FAE04EC0-301F-11D3-BF4B-00C04F79EFBC}") = "AutoGetReferencedAddin", "AutoGetReferencedAddin\AutoGetReferencedAddin.csproj", "{FF9B65D1-33CB-4F1F-8919-FF899F2556D4}"
EndProject
Project("{930C7802-8A8C-48F9-8165-68863BCCD9DD}") = "AutoGetReferencedAddinSetup", "AutoGetReferencedAddinSetup\AutoGetReferencedAddinSetup.wixproj", "{12CABBCD-C4AB-45C4-80C6-413B632F8809}"
EndProject
Global
	GlobalSection(SolutionConfigurationPlatforms) = preSolution
		Debug|Any CPU = Debug|Any CPU
		Debug|x64 = Debug|x64
		Release|Any CPU = Release|Any CPU
		Release|x64 = Release|x64
	EndGlobalSection
	GlobalSection(ProjectConfigurationPlatforms) = postSolution
		{FF9B65D1-33CB-4F1F-8919-FF899F2556D4}.Debug|Any CPU.ActiveCfg = Debug|Any CPU
		{FF9B65D1-33CB-4F1F-8919-FF899F2556D4}.Debug|Any CPU.Build.0 = Debug|Any CPU
		{FF9B65D1-33CB-4F1F-8919-FF899F2556D4}.Debug|x64.ActiveCfg = Debug|x64
		{FF9B65D1-33CB-4F1F-8919-FF899F2556D4}.Debug|x64.Build.0 = Debug|x64
		{FF9B65D1-33CB-4F1F-8919-FF899F2556D4}.Release|Any CPU.ActiveCfg = Release|Any CPU
		{FF9B65D1-33CB-4F1F-8919-FF899F2556D4}.Release|Any CPU.Build.0 = Release|Any CPU
		{FF9B65D1-33CB-4F1F-8919-FF899F2556D4}.Release|x64.ActiveCfg = Release|x64
		{FF9B65D1-33CB-4F1F-8919-FF899F2556D4}.Release|x64.Build.0 = Release|x64
		{12CABBCD-C4AB-45C4-80C6-413B632F8809}.Debug|Any CPU.ActiveCfg = Debug|x64
		{12CABBCD-C4AB-45C4-80C6-413B632F8809}.Debug|Any CPU.Build.0 = Debug|x64
		{12CABBCD-C4AB-45C4-80C6-413B632F8809}.Debug|x64.ActiveCfg = Debug|x64
		{12CABBCD-C4AB-45C4-80C6-413B632F8809}.Debug|x64.Build.0 = Debug|x64
		{12CABBCD-C4AB-45C4-80C6-413B632F8809}.Release|Any CPU.ActiveCfg = Release|x64
		{12CABBCD-C4AB-45C4-80C6-413B632F8809}.Release|Any CPU.Build.0 = Release|x64
		{12CABBCD-C4AB-45C4-80C6-413B632F8809}.Release|x64.ActiveCfg = Release|x64
		{12CABBCD-C4AB-45C4-80C6-413B632F8809}.Release|x64.Build.0 = Release|x64
	EndGlobalSection
	GlobalSection(SolutionProperties) = preSolution
		HideSolutionNode = FALSE
	EndGlobalSection
	GlobalSection(ExtensibilityGlobals) = postSolution
		SolutionGuid = {4DA5505F-EF70-4D21-98C5-227B5A70DFC3}
	EndGlobalSection
EndGlobal
